// !$*UTF8*$!
{
	archiveVersion = 1;
	classes = {
	};
	objectVersion = 51;
	objects = {

/* Begin PBXBuildFile section */
		0F32647646CF59559A602F91 /* Pods_QwQ_QwQUITests.framework in Frameworks */ = {isa = PBXBuildFile; fileRef = DE36DE6BF1C8965D2A80FF0E /* Pods_QwQ_QwQUITests.framework */; };
		5C11FD032418E300002B88E3 /* Comfortaa-Bold.ttf in Resources */ = {isa = PBXBuildFile; fileRef = 5C11FD002418E2F6002B88E3 /* Comfortaa-Bold.ttf */; };
		5C11FD042418E302002B88E3 /* Comfortaa-Light.ttf in Resources */ = {isa = PBXBuildFile; fileRef = 5C11FD022418E2F6002B88E3 /* Comfortaa-Light.ttf */; };
		5C11FD052418E304002B88E3 /* Comfortaa-Regular.ttf in Resources */ = {isa = PBXBuildFile; fileRef = 5C11FD012418E2F6002B88E3 /* Comfortaa-Regular.ttf */; };
		5C11FD072418E375002B88E3 /* GoogleService-Info.plist in Resources */ = {isa = PBXBuildFile; fileRef = 5C11FD062418E375002B88E3 /* GoogleService-Info.plist */; };
		5C11FD0C2418E63D002B88E3 /* Authenticator.swift in Sources */ = {isa = PBXBuildFile; fileRef = 5C11FD0B2418E63D002B88E3 /* Authenticator.swift */; };
		5C11FD0E2418E652002B88E3 /* FBAuthenticator.swift in Sources */ = {isa = PBXBuildFile; fileRef = 5C11FD0D2418E652002B88E3 /* FBAuthenticator.swift */; };
		5C1A419724236D1C00D1140B /* RestaurantInfoStorage.swift in Sources */ = {isa = PBXBuildFile; fileRef = 5C1A419624236D1C00D1140B /* RestaurantInfoStorage.swift */; };
		5C1A419924236D2800D1140B /* FBRestaurantInfoStorage.swift in Sources */ = {isa = PBXBuildFile; fileRef = 5C1A419824236D2800D1140B /* FBRestaurantInfoStorage.swift */; };
		5C25BEAD2422627300B03089 /* UIImageView+checkCacheThenSetImage.swift in Sources */ = {isa = PBXBuildFile; fileRef = 5C25BEAC2422627300B03089 /* UIImageView+checkCacheThenSetImage.swift */; };
		5C59E91D2422134A004DFEB7 /* ProfileStorage.swift in Sources */ = {isa = PBXBuildFile; fileRef = 5C11FD082418E503002B88E3 /* ProfileStorage.swift */; };
		5C6DA5D0241A1799001CABC3 /* FBQueueStorage.swift in Sources */ = {isa = PBXBuildFile; fileRef = 5C6DA5CF241A1799001CABC3 /* FBQueueStorage.swift */; };
		5C9D9B5C24221D2F0019B7EE /* UIViewController+ShowMessage.swift in Sources */ = {isa = PBXBuildFile; fileRef = 5C9D9B5B24221D2F0019B7EE /* UIViewController+ShowMessage.swift */; };
		5CA15948241C9F9400835102 /* FBProfileStorage.swift in Sources */ = {isa = PBXBuildFile; fileRef = 5CA15947241C9F9400835102 /* FBProfileStorage.swift */; };
		5CE17B4E241CEDDF00A04B8B /* EditProfileViewController.swift in Sources */ = {isa = PBXBuildFile; fileRef = 5CE17B4D241CEDDF00A04B8B /* EditProfileViewController.swift */; };
		613267FB241F220D00B770B6 /* CustomerQueueLogicManager.swift in Sources */ = {isa = PBXBuildFile; fileRef = 613267F8241F220C00B770B6 /* CustomerQueueLogicManager.swift */; };
		613267FC241F220D00B770B6 /* RestaurantDelegate.swift in Sources */ = {isa = PBXBuildFile; fileRef = 613267FA241F220C00B770B6 /* RestaurantDelegate.swift */; };
		6148054A24227CE2003D6D44 /* FBRestaurantStorage.swift in Sources */ = {isa = PBXBuildFile; fileRef = 6148054924227CE2003D6D44 /* FBRestaurantStorage.swift */; };
		6148054C24228798003D6D44 /* CustomerBookingLogic.swift in Sources */ = {isa = PBXBuildFile; fileRef = 6148054B24228798003D6D44 /* CustomerBookingLogic.swift */; };
		6148054E242287AB003D6D44 /* CustomerBookingLogicManager.swift in Sources */ = {isa = PBXBuildFile; fileRef = 6148054D242287AB003D6D44 /* CustomerBookingLogicManager.swift */; };
		61480550242287F1003D6D44 /* CustomerBookingStorage.swift in Sources */ = {isa = PBXBuildFile; fileRef = 6148054F242287F1003D6D44 /* CustomerBookingStorage.swift */; };
		6148055224228801003D6D44 /* BookingStorageSync.swift in Sources */ = {isa = PBXBuildFile; fileRef = 6148055124228801003D6D44 /* BookingStorageSync.swift */; };
		6148055424228F67003D6D44 /* BookingDelegate.swift in Sources */ = {isa = PBXBuildFile; fileRef = 6148055324228F67003D6D44 /* BookingDelegate.swift */; };
		61480556242290B1003D6D44 /* Record.swift in Sources */ = {isa = PBXBuildFile; fileRef = 61480555242290B1003D6D44 /* Record.swift */; };
		6148056724232B88003D6D44 /* UIViewController+Spinner.swift in Sources */ = {isa = PBXBuildFile; fileRef = 6148056624232B87003D6D44 /* UIViewController+Spinner.swift */; };
		61673BF62422168400134891 /* ActivitiesDelegate.swift in Sources */ = {isa = PBXBuildFile; fileRef = 61673BF52422168400134891 /* ActivitiesDelegate.swift */; };
		617B62DD241F392F0010AB30 /* SearchDelegate.swift in Sources */ = {isa = PBXBuildFile; fileRef = 617B62DC241F392F0010AB30 /* SearchDelegate.swift */; };
		617B62DF241F39EF0010AB30 /* QueueDelegate.swift in Sources */ = {isa = PBXBuildFile; fileRef = 617B62DE241F39EF0010AB30 /* QueueDelegate.swift */; };
		617B62E1241F3C0F0010AB30 /* BookRecord.swift in Sources */ = {isa = PBXBuildFile; fileRef = 617B62E0241F3C0F0010AB30 /* BookRecord.swift */; };
		617B62EB241F85ED0010AB30 /* ValidationUtilities.swift in Sources */ = {isa = PBXBuildFile; fileRef = 617B62EA241F85EC0010AB30 /* ValidationUtilities.swift */; };
		7E1137FE24233B1F006984BB /* PopoverContentController.swift in Sources */ = {isa = PBXBuildFile; fileRef = 7E1137FD24233B1F006984BB /* PopoverContentController.swift */; };
		7E56AF9B2421F513002E9BAC /* Activities.storyboard in Resources */ = {isa = PBXBuildFile; fileRef = 7E56AF9A2421F513002E9BAC /* Activities.storyboard */; };
		7E72B14C241B8B8700C1EE72 /* LoginViewController.swift in Sources */ = {isa = PBXBuildFile; fileRef = 7E72B14B241B8B8700C1EE72 /* LoginViewController.swift */; };
		7E72B14E241B8C7D00C1EE72 /* Main.storyboard in Resources */ = {isa = PBXBuildFile; fileRef = 7E72B14D241B8C7D00C1EE72 /* Main.storyboard */; };
		7E7F7DCB2422244100A080E5 /* SearchCollectionReusableView.swift in Sources */ = {isa = PBXBuildFile; fileRef = 7E7F7DCA2422244100A080E5 /* SearchCollectionReusableView.swift */; };
		7E7F7DCD2422447700A080E5 /* SegmentedControl.swift in Sources */ = {isa = PBXBuildFile; fileRef = 7E7F7DCC2422447700A080E5 /* SegmentedControl.swift */; };
		7E7F7DD12422659F00A080E5 /* Search.storyboard in Resources */ = {isa = PBXBuildFile; fileRef = 7E7F7DD02422659F00A080E5 /* Search.storyboard */; };
		7EC1F3132421F837005D20CD /* ActivitiesViewController.swift in Sources */ = {isa = PBXBuildFile; fileRef = 7EC1F3122421F837005D20CD /* ActivitiesViewController.swift */; };
		7EC1F3152421FB7F005D20CD /* ActivityCell.swift in Sources */ = {isa = PBXBuildFile; fileRef = 7EC1F3142421FB7F005D20CD /* ActivityCell.swift */; };
		7EC7E64E2418B6C300C2F9BB /* AppDelegate.swift in Sources */ = {isa = PBXBuildFile; fileRef = 7EC7E64D2418B6C300C2F9BB /* AppDelegate.swift */; };
		7EC7E6502418B6C300C2F9BB /* SceneDelegate.swift in Sources */ = {isa = PBXBuildFile; fileRef = 7EC7E64F2418B6C300C2F9BB /* SceneDelegate.swift */; };
		7EC7E6572418B6C900C2F9BB /* Assets.xcassets in Resources */ = {isa = PBXBuildFile; fileRef = 7EC7E6562418B6C900C2F9BB /* Assets.xcassets */; };
		7EC7E65A2418B6C900C2F9BB /* LaunchScreen.storyboard in Resources */ = {isa = PBXBuildFile; fileRef = 7EC7E6582418B6C900C2F9BB /* LaunchScreen.storyboard */; };
		7EC7E6702418B6CA00C2F9BB /* QwQUITests.swift in Sources */ = {isa = PBXBuildFile; fileRef = 7EC7E66F2418B6CA00C2F9BB /* QwQUITests.swift */; };
		7EC7E68C241B2FC800C2F9BB /* Profile.storyboard in Resources */ = {isa = PBXBuildFile; fileRef = 7EC7E68B241B2FC800C2F9BB /* Profile.storyboard */; };
		7EC7E692241B379900C2F9BB /* SignUpViewController.swift in Sources */ = {isa = PBXBuildFile; fileRef = 7EC7E691241B379900C2F9BB /* SignUpViewController.swift */; };
		7EC7E694241B383400C2F9BB /* ProfileViewController.swift in Sources */ = {isa = PBXBuildFile; fileRef = 7EC7E693241B383400C2F9BB /* ProfileViewController.swift */; };
		7EC7E696241B385E00C2F9BB /* SearchViewController.swift in Sources */ = {isa = PBXBuildFile; fileRef = 7EC7E695241B385E00C2F9BB /* SearchViewController.swift */; };
		7EC7E698241B387000C2F9BB /* RestaurantViewController.swift in Sources */ = {isa = PBXBuildFile; fileRef = 7EC7E697241B387000C2F9BB /* RestaurantViewController.swift */; };
		7EDC5E59242206AB0053CA1D /* ProfileImageView.swift in Sources */ = {isa = PBXBuildFile; fileRef = 7EDC5E58242206AB0053CA1D /* ProfileImageView.swift */; };
		7EDC5E5B24220E880053CA1D /* EditQueue.storyboard in Resources */ = {isa = PBXBuildFile; fileRef = 7EDC5E5A24220E880053CA1D /* EditQueue.storyboard */; };
		7EE6D013241D290F00C1465E /* UIViewController+dismissKeyboard.swift in Sources */ = {isa = PBXBuildFile; fileRef = 7EE6D012241D290F00C1465E /* UIViewController+dismissKeyboard.swift */; };
		7EE6D015241D2BEC00C1465E /* Constants.swift in Sources */ = {isa = PBXBuildFile; fileRef = 7EE6D014241D2BEC00C1465E /* Constants.swift */; };
		7EE6D017241DB57F00C1465E /* AlertService.swift in Sources */ = {isa = PBXBuildFile; fileRef = 7EE6D016241DB57F00C1465E /* AlertService.swift */; };
		7EE6D019241DC0EA00C1465E /* RestaurantCell.swift in Sources */ = {isa = PBXBuildFile; fileRef = 7EE6D018241DC0EA00C1465E /* RestaurantCell.swift */; };
		7EE6D01F241E1CBB00C1465E /* EditQueueViewController.swift in Sources */ = {isa = PBXBuildFile; fileRef = 7EE6D01E241E1CBB00C1465E /* EditQueueViewController.swift */; };
		7EE6D021241E202A00C1465E /* EditBookingViewController.swift in Sources */ = {isa = PBXBuildFile; fileRef = 7EE6D020241E202A00C1465E /* EditBookingViewController.swift */; };
		7EFB696E242210110073E535 /* EditBook.storyboard in Resources */ = {isa = PBXBuildFile; fileRef = 7EFB696D242210110073E535 /* EditBook.storyboard */; };
		7EFB6972242213000073E535 /* Queue.storyboard in Resources */ = {isa = PBXBuildFile; fileRef = 7EFB6971242213000073E535 /* Queue.storyboard */; };
		7EFB69742422130C0073E535 /* Book.storyboard in Resources */ = {isa = PBXBuildFile; fileRef = 7EFB69732422130C0073E535 /* Book.storyboard */; };
		7EFB6976242213470073E535 /* QueueRecordViewController.swift in Sources */ = {isa = PBXBuildFile; fileRef = 7EFB6975242213470073E535 /* QueueRecordViewController.swift */; };
		7EFB6978242215B60073E535 /* BookRecordViewController.swift in Sources */ = {isa = PBXBuildFile; fileRef = 7EFB6977242215B60073E535 /* BookRecordViewController.swift */; };
		AFDCB8F2F62FE94B8F90CE72 /* Pods_QwQTests.framework in Frameworks */ = {isa = PBXBuildFile; fileRef = AE35E89B17D6D1B4C677B395 /* Pods_QwQTests.framework */; };
		D41F91A224227FFE00724D6C /* Date+Extensions.swift in Sources */ = {isa = PBXBuildFile; fileRef = D41F91A124227FFE00724D6C /* Date+Extensions.swift */; };
		CBA2C0EC865C438FC1BC1567 /* Pods_QwQ.framework in Frameworks */ = {isa = PBXBuildFile; fileRef = F89D85035941D09EF47EABE8 /* Pods_QwQ.framework */; };
		D4494EB9241B247600BD0780 /* RestaurantLogicManager.swift in Sources */ = {isa = PBXBuildFile; fileRef = D4494EB5241B247600BD0780 /* RestaurantLogicManager.swift */; };
		D4494EBA241B247600BD0780 /* RestaurantLogic.swift in Sources */ = {isa = PBXBuildFile; fileRef = D4494EB6241B247600BD0780 /* RestaurantLogic.swift */; };
		D4494EBB241B247600BD0780 /* CustomerQueueLogic.swift in Sources */ = {isa = PBXBuildFile; fileRef = D4494EB7241B247600BD0780 /* CustomerQueueLogic.swift */; };
		D4494EC2241B24D900BD0780 /* QueueStorageSync.swift in Sources */ = {isa = PBXBuildFile; fileRef = D4494EBE241B24D800BD0780 /* QueueStorageSync.swift */; };
		D4494EC3241B24D900BD0780 /* RestaurantStorage.swift in Sources */ = {isa = PBXBuildFile; fileRef = D4494EBF241B24D800BD0780 /* RestaurantStorage.swift */; };
		D4494EC4241B24D900BD0780 /* CustomerQueueStorage.swift in Sources */ = {isa = PBXBuildFile; fileRef = D4494EC0241B24D900BD0780 /* CustomerQueueStorage.swift */; };
		D4494EC5241B24D900BD0780 /* RestaurantStorageSync.swift in Sources */ = {isa = PBXBuildFile; fileRef = D4494EC1241B24D900BD0780 /* RestaurantStorageSync.swift */; };
		D4EA85BE241B25B6009EB85B /* CustomerQueueHistory.swift in Sources */ = {isa = PBXBuildFile; fileRef = D4EA85BD241B25B6009EB85B /* CustomerQueueHistory.swift */; };
		D4EA85C0241B25E4009EB85B /* CustomerPostLoginSetupManager.swift in Sources */ = {isa = PBXBuildFile; fileRef = D4EA85BF241B25E4009EB85B /* CustomerPostLoginSetupManager.swift */; };
		D4EA85CF241B29CC009EB85B /* QueueRecord.swift in Sources */ = {isa = PBXBuildFile; fileRef = D4EA85CB241B29CB009EB85B /* QueueRecord.swift */; };
		D4EA85D0241B29CC009EB85B /* Customer.swift in Sources */ = {isa = PBXBuildFile; fileRef = D4EA85CC241B29CB009EB85B /* Customer.swift */; };
		D4EA85D1241B29CC009EB85B /* User.swift in Sources */ = {isa = PBXBuildFile; fileRef = D4EA85CD241B29CC009EB85B /* User.swift */; };
		D4EA85D2241B29CC009EB85B /* Restaurant.swift in Sources */ = {isa = PBXBuildFile; fileRef = D4EA85CE241B29CC009EB85B /* Restaurant.swift */; };
		F198E6D9EC43ED3BD49B09E7 /* Pods_QwQTests.framework in Frameworks */ = {isa = PBXBuildFile; fileRef = 4FABBE37E6FFC689C0265945 /* Pods_QwQTests.framework */; };
/* End PBXBuildFile section */

/* Begin PBXContainerItemProxy section */
		7EC7E6612418B6CA00C2F9BB /* PBXContainerItemProxy */ = {
			isa = PBXContainerItemProxy;
			containerPortal = 7EC7E6422418B6C300C2F9BB /* Project object */;
			proxyType = 1;
			remoteGlobalIDString = 7EC7E6492418B6C300C2F9BB;
			remoteInfo = QwQ;
		};
		7EC7E66C2418B6CA00C2F9BB /* PBXContainerItemProxy */ = {
			isa = PBXContainerItemProxy;
			containerPortal = 7EC7E6422418B6C300C2F9BB /* Project object */;
			proxyType = 1;
			remoteGlobalIDString = 7EC7E6492418B6C300C2F9BB;
			remoteInfo = QwQ;
		};
/* End PBXContainerItemProxy section */

/* Begin PBXFileReference section */
		4FABBE37E6FFC689C0265945 /* Pods_QwQTests.framework */ = {isa = PBXFileReference; explicitFileType = wrapper.framework; includeInIndex = 0; path = Pods_QwQTests.framework; sourceTree = BUILT_PRODUCTS_DIR; };
		5C11FD002418E2F6002B88E3 /* Comfortaa-Bold.ttf */ = {isa = PBXFileReference; lastKnownFileType = file; path = "Comfortaa-Bold.ttf"; sourceTree = "<group>"; };
		5C11FD012418E2F6002B88E3 /* Comfortaa-Regular.ttf */ = {isa = PBXFileReference; lastKnownFileType = file; path = "Comfortaa-Regular.ttf"; sourceTree = "<group>"; };
		5C11FD022418E2F6002B88E3 /* Comfortaa-Light.ttf */ = {isa = PBXFileReference; lastKnownFileType = file; path = "Comfortaa-Light.ttf"; sourceTree = "<group>"; };
		5C11FD062418E375002B88E3 /* GoogleService-Info.plist */ = {isa = PBXFileReference; fileEncoding = 4; lastKnownFileType = text.plist.xml; path = "GoogleService-Info.plist"; sourceTree = "<group>"; };
		5C11FD082418E503002B88E3 /* ProfileStorage.swift */ = {isa = PBXFileReference; lastKnownFileType = sourcecode.swift; path = ProfileStorage.swift; sourceTree = "<group>"; };
		5C11FD0B2418E63D002B88E3 /* Authenticator.swift */ = {isa = PBXFileReference; lastKnownFileType = sourcecode.swift; path = Authenticator.swift; sourceTree = "<group>"; };
		5C11FD0D2418E652002B88E3 /* FBAuthenticator.swift */ = {isa = PBXFileReference; lastKnownFileType = sourcecode.swift; path = FBAuthenticator.swift; sourceTree = "<group>"; };
		5C161100241A2D1E00602245 /* QwQ.entitlements */ = {isa = PBXFileReference; lastKnownFileType = text.plist.entitlements; path = QwQ.entitlements; sourceTree = "<group>"; };
		5C1A419624236D1C00D1140B /* RestaurantInfoStorage.swift */ = {isa = PBXFileReference; lastKnownFileType = sourcecode.swift; path = RestaurantInfoStorage.swift; sourceTree = "<group>"; };
		5C1A419824236D2800D1140B /* FBRestaurantInfoStorage.swift */ = {isa = PBXFileReference; lastKnownFileType = sourcecode.swift; path = FBRestaurantInfoStorage.swift; sourceTree = "<group>"; };
		5C25BEAC2422627300B03089 /* UIImageView+checkCacheThenSetImage.swift */ = {isa = PBXFileReference; lastKnownFileType = sourcecode.swift; path = "UIImageView+checkCacheThenSetImage.swift"; sourceTree = "<group>"; };
		5C6DA5CF241A1799001CABC3 /* FBQueueStorage.swift */ = {isa = PBXFileReference; lastKnownFileType = sourcecode.swift; path = FBQueueStorage.swift; sourceTree = "<group>"; };
		5C9D9B5B24221D2F0019B7EE /* UIViewController+ShowMessage.swift */ = {isa = PBXFileReference; lastKnownFileType = sourcecode.swift; path = "UIViewController+ShowMessage.swift"; sourceTree = "<group>"; };
		5CA15947241C9F9400835102 /* FBProfileStorage.swift */ = {isa = PBXFileReference; lastKnownFileType = sourcecode.swift; path = FBProfileStorage.swift; sourceTree = "<group>"; };
		5CE17B4D241CEDDF00A04B8B /* EditProfileViewController.swift */ = {isa = PBXFileReference; lastKnownFileType = sourcecode.swift; name = EditProfileViewController.swift; path = QwQ/ViewControllers/EditProfileViewController.swift; sourceTree = SOURCE_ROOT; };
		613267F8241F220C00B770B6 /* CustomerQueueLogicManager.swift */ = {isa = PBXFileReference; fileEncoding = 4; lastKnownFileType = sourcecode.swift; path = CustomerQueueLogicManager.swift; sourceTree = "<group>"; };
		613267FA241F220C00B770B6 /* RestaurantDelegate.swift */ = {isa = PBXFileReference; fileEncoding = 4; lastKnownFileType = sourcecode.swift; path = RestaurantDelegate.swift; sourceTree = "<group>"; };
		6148054924227CE2003D6D44 /* FBRestaurantStorage.swift */ = {isa = PBXFileReference; lastKnownFileType = sourcecode.swift; path = FBRestaurantStorage.swift; sourceTree = "<group>"; };
		6148054B24228798003D6D44 /* CustomerBookingLogic.swift */ = {isa = PBXFileReference; lastKnownFileType = sourcecode.swift; path = CustomerBookingLogic.swift; sourceTree = "<group>"; };
		6148054D242287AB003D6D44 /* CustomerBookingLogicManager.swift */ = {isa = PBXFileReference; lastKnownFileType = sourcecode.swift; path = CustomerBookingLogicManager.swift; sourceTree = "<group>"; };
		6148054F242287F1003D6D44 /* CustomerBookingStorage.swift */ = {isa = PBXFileReference; lastKnownFileType = sourcecode.swift; path = CustomerBookingStorage.swift; sourceTree = "<group>"; };
		6148055124228801003D6D44 /* BookingStorageSync.swift */ = {isa = PBXFileReference; lastKnownFileType = sourcecode.swift; path = BookingStorageSync.swift; sourceTree = "<group>"; };
		6148055324228F67003D6D44 /* BookingDelegate.swift */ = {isa = PBXFileReference; lastKnownFileType = sourcecode.swift; path = BookingDelegate.swift; sourceTree = "<group>"; };
		61480555242290B1003D6D44 /* Record.swift */ = {isa = PBXFileReference; lastKnownFileType = sourcecode.swift; name = Record.swift; path = QwQ/Models/Record.swift; sourceTree = SOURCE_ROOT; };
		6148056624232B87003D6D44 /* UIViewController+Spinner.swift */ = {isa = PBXFileReference; lastKnownFileType = sourcecode.swift; path = "UIViewController+Spinner.swift"; sourceTree = "<group>"; };
		61673BF52422168400134891 /* ActivitiesDelegate.swift */ = {isa = PBXFileReference; lastKnownFileType = sourcecode.swift; path = ActivitiesDelegate.swift; sourceTree = "<group>"; };
		617B62DC241F392F0010AB30 /* SearchDelegate.swift */ = {isa = PBXFileReference; lastKnownFileType = sourcecode.swift; path = SearchDelegate.swift; sourceTree = "<group>"; };
		617B62DE241F39EF0010AB30 /* QueueDelegate.swift */ = {isa = PBXFileReference; lastKnownFileType = sourcecode.swift; path = QueueDelegate.swift; sourceTree = "<group>"; };
		617B62E0241F3C0F0010AB30 /* BookRecord.swift */ = {isa = PBXFileReference; lastKnownFileType = sourcecode.swift; name = BookRecord.swift; path = QwQ/Logic/Delegates/BookRecord.swift; sourceTree = SOURCE_ROOT; };
		617B62EA241F85EC0010AB30 /* ValidationUtilities.swift */ = {isa = PBXFileReference; fileEncoding = 4; lastKnownFileType = sourcecode.swift; name = ValidationUtilities.swift; path = QwQ/Others/Utilities/ValidationUtilities.swift; sourceTree = "<group>"; };
		77A36B7A1787A33D24691785 /* Pods-QwQ.release.xcconfig */ = {isa = PBXFileReference; includeInIndex = 1; lastKnownFileType = text.xcconfig; name = "Pods-QwQ.release.xcconfig"; path = "Target Support Files/Pods-QwQ/Pods-QwQ.release.xcconfig"; sourceTree = "<group>"; };
		7E1137FD24233B1F006984BB /* PopoverContentController.swift */ = {isa = PBXFileReference; lastKnownFileType = sourcecode.swift; path = PopoverContentController.swift; sourceTree = "<group>"; };
		7E56AF9A2421F513002E9BAC /* Activities.storyboard */ = {isa = PBXFileReference; lastKnownFileType = file.storyboard; path = Activities.storyboard; sourceTree = "<group>"; };
		7E72B14B241B8B8700C1EE72 /* LoginViewController.swift */ = {isa = PBXFileReference; lastKnownFileType = sourcecode.swift; path = LoginViewController.swift; sourceTree = "<group>"; };
		7E72B14D241B8C7D00C1EE72 /* Main.storyboard */ = {isa = PBXFileReference; fileEncoding = 4; lastKnownFileType = file.storyboard; path = Main.storyboard; sourceTree = "<group>"; };
		7E7F7DCA2422244100A080E5 /* SearchCollectionReusableView.swift */ = {isa = PBXFileReference; lastKnownFileType = sourcecode.swift; path = SearchCollectionReusableView.swift; sourceTree = "<group>"; };
		7E7F7DCC2422447700A080E5 /* SegmentedControl.swift */ = {isa = PBXFileReference; lastKnownFileType = sourcecode.swift; path = SegmentedControl.swift; sourceTree = "<group>"; };
		7E7F7DD02422659F00A080E5 /* Search.storyboard */ = {isa = PBXFileReference; fileEncoding = 4; lastKnownFileType = file.storyboard; path = Search.storyboard; sourceTree = "<group>"; };
		7EC1F3122421F837005D20CD /* ActivitiesViewController.swift */ = {isa = PBXFileReference; lastKnownFileType = sourcecode.swift; path = ActivitiesViewController.swift; sourceTree = "<group>"; };
		7EC1F3142421FB7F005D20CD /* ActivityCell.swift */ = {isa = PBXFileReference; lastKnownFileType = sourcecode.swift; path = ActivityCell.swift; sourceTree = "<group>"; };
		7EC7E64A2418B6C300C2F9BB /* QwQ.app */ = {isa = PBXFileReference; explicitFileType = wrapper.application; includeInIndex = 0; path = QwQ.app; sourceTree = BUILT_PRODUCTS_DIR; };
		7EC7E64D2418B6C300C2F9BB /* AppDelegate.swift */ = {isa = PBXFileReference; lastKnownFileType = sourcecode.swift; path = AppDelegate.swift; sourceTree = "<group>"; };
		7EC7E64F2418B6C300C2F9BB /* SceneDelegate.swift */ = {isa = PBXFileReference; lastKnownFileType = sourcecode.swift; path = SceneDelegate.swift; sourceTree = "<group>"; };
		7EC7E6562418B6C900C2F9BB /* Assets.xcassets */ = {isa = PBXFileReference; lastKnownFileType = folder.assetcatalog; path = Assets.xcassets; sourceTree = "<group>"; };
		7EC7E6592418B6C900C2F9BB /* Base */ = {isa = PBXFileReference; lastKnownFileType = file.storyboard; name = Base; path = Base.lproj/LaunchScreen.storyboard; sourceTree = "<group>"; };
		7EC7E65B2418B6C900C2F9BB /* Info.plist */ = {isa = PBXFileReference; lastKnownFileType = text.plist.xml; path = Info.plist; sourceTree = "<group>"; };
		7EC7E6602418B6CA00C2F9BB /* QwQTests.xctest */ = {isa = PBXFileReference; explicitFileType = wrapper.cfbundle; includeInIndex = 0; path = QwQTests.xctest; sourceTree = BUILT_PRODUCTS_DIR; };
		7EC7E6662418B6CA00C2F9BB /* Info.plist */ = {isa = PBXFileReference; lastKnownFileType = text.plist.xml; path = Info.plist; sourceTree = "<group>"; };
		7EC7E66B2418B6CA00C2F9BB /* QwQUITests.xctest */ = {isa = PBXFileReference; explicitFileType = wrapper.cfbundle; includeInIndex = 0; path = QwQUITests.xctest; sourceTree = BUILT_PRODUCTS_DIR; };
		7EC7E66F2418B6CA00C2F9BB /* QwQUITests.swift */ = {isa = PBXFileReference; lastKnownFileType = sourcecode.swift; path = QwQUITests.swift; sourceTree = "<group>"; };
		7EC7E6712418B6CA00C2F9BB /* Info.plist */ = {isa = PBXFileReference; lastKnownFileType = text.plist.xml; path = Info.plist; sourceTree = "<group>"; };
		7EC7E68B241B2FC800C2F9BB /* Profile.storyboard */ = {isa = PBXFileReference; lastKnownFileType = file.storyboard; path = Profile.storyboard; sourceTree = "<group>"; };
		7EC7E691241B379900C2F9BB /* SignUpViewController.swift */ = {isa = PBXFileReference; lastKnownFileType = sourcecode.swift; path = SignUpViewController.swift; sourceTree = "<group>"; };
		7EC7E693241B383400C2F9BB /* ProfileViewController.swift */ = {isa = PBXFileReference; lastKnownFileType = sourcecode.swift; path = ProfileViewController.swift; sourceTree = "<group>"; };
		7EC7E695241B385E00C2F9BB /* SearchViewController.swift */ = {isa = PBXFileReference; lastKnownFileType = sourcecode.swift; path = SearchViewController.swift; sourceTree = "<group>"; };
		7EC7E697241B387000C2F9BB /* RestaurantViewController.swift */ = {isa = PBXFileReference; lastKnownFileType = sourcecode.swift; path = RestaurantViewController.swift; sourceTree = "<group>"; };
		7EDC5E58242206AB0053CA1D /* ProfileImageView.swift */ = {isa = PBXFileReference; lastKnownFileType = sourcecode.swift; path = ProfileImageView.swift; sourceTree = "<group>"; };
		7EDC5E5A24220E880053CA1D /* EditQueue.storyboard */ = {isa = PBXFileReference; lastKnownFileType = file.storyboard; path = EditQueue.storyboard; sourceTree = "<group>"; };
		7EE6D012241D290F00C1465E /* UIViewController+dismissKeyboard.swift */ = {isa = PBXFileReference; lastKnownFileType = sourcecode.swift; path = "UIViewController+dismissKeyboard.swift"; sourceTree = "<group>"; };
		7EE6D014241D2BEC00C1465E /* Constants.swift */ = {isa = PBXFileReference; lastKnownFileType = sourcecode.swift; path = Constants.swift; sourceTree = "<group>"; };
		7EE6D016241DB57F00C1465E /* AlertService.swift */ = {isa = PBXFileReference; lastKnownFileType = sourcecode.swift; path = AlertService.swift; sourceTree = "<group>"; };
		7EE6D018241DC0EA00C1465E /* RestaurantCell.swift */ = {isa = PBXFileReference; lastKnownFileType = sourcecode.swift; path = RestaurantCell.swift; sourceTree = "<group>"; };
		7EE6D01E241E1CBB00C1465E /* EditQueueViewController.swift */ = {isa = PBXFileReference; lastKnownFileType = sourcecode.swift; path = EditQueueViewController.swift; sourceTree = "<group>"; };
		7EE6D020241E202A00C1465E /* EditBookingViewController.swift */ = {isa = PBXFileReference; lastKnownFileType = sourcecode.swift; path = EditBookingViewController.swift; sourceTree = "<group>"; };
		7EFB696D242210110073E535 /* EditBook.storyboard */ = {isa = PBXFileReference; fileEncoding = 4; lastKnownFileType = file.storyboard; path = EditBook.storyboard; sourceTree = "<group>"; };
		7EFB6971242213000073E535 /* Queue.storyboard */ = {isa = PBXFileReference; lastKnownFileType = file.storyboard; path = Queue.storyboard; sourceTree = "<group>"; };
		7EFB69732422130C0073E535 /* Book.storyboard */ = {isa = PBXFileReference; lastKnownFileType = file.storyboard; path = Book.storyboard; sourceTree = "<group>"; };
		7EFB6975242213470073E535 /* QueueRecordViewController.swift */ = {isa = PBXFileReference; lastKnownFileType = sourcecode.swift; path = QueueRecordViewController.swift; sourceTree = "<group>"; };
		7EFB6977242215B60073E535 /* BookRecordViewController.swift */ = {isa = PBXFileReference; lastKnownFileType = sourcecode.swift; path = BookRecordViewController.swift; sourceTree = "<group>"; };
		9399B3903EB945875F5EDA3B /* Pods-QwQ.release.xcconfig */ = {isa = PBXFileReference; includeInIndex = 1; lastKnownFileType = text.xcconfig; name = "Pods-QwQ.release.xcconfig"; path = "Target Support Files/Pods-QwQ/Pods-QwQ.release.xcconfig"; sourceTree = "<group>"; };
		984DEB97752BB2F34AF2E659 /* Pods-QwQ.debug.xcconfig */ = {isa = PBXFileReference; includeInIndex = 1; lastKnownFileType = text.xcconfig; name = "Pods-QwQ.debug.xcconfig"; path = "Target Support Files/Pods-QwQ/Pods-QwQ.debug.xcconfig"; sourceTree = "<group>"; };
		9BF18B931B722EFF6362B256 /* Pods-QwQ-QwQUITests.debug.xcconfig */ = {isa = PBXFileReference; includeInIndex = 1; lastKnownFileType = text.xcconfig; name = "Pods-QwQ-QwQUITests.debug.xcconfig"; path = "Target Support Files/Pods-QwQ-QwQUITests/Pods-QwQ-QwQUITests.debug.xcconfig"; sourceTree = "<group>"; };
		9FD9A6C728CACB71CBBA16A9 /* Pods_QwQ.framework */ = {isa = PBXFileReference; explicitFileType = wrapper.framework; includeInIndex = 0; path = Pods_QwQ.framework; sourceTree = BUILT_PRODUCTS_DIR; };
		AE35E89B17D6D1B4C677B395 /* Pods_QwQTests.framework */ = {isa = PBXFileReference; explicitFileType = wrapper.framework; includeInIndex = 0; path = Pods_QwQTests.framework; sourceTree = BUILT_PRODUCTS_DIR; };
		BAE6486DD1E3B4858B52F48B /* Pods-QwQ-QwQUITests.release.xcconfig */ = {isa = PBXFileReference; includeInIndex = 1; lastKnownFileType = text.xcconfig; name = "Pods-QwQ-QwQUITests.release.xcconfig"; path = "Target Support Files/Pods-QwQ-QwQUITests/Pods-QwQ-QwQUITests.release.xcconfig"; sourceTree = "<group>"; };
		D41F91A124227FFE00724D6C /* Date+Extensions.swift */ = {isa = PBXFileReference; lastKnownFileType = sourcecode.swift; path = "Date+Extensions.swift"; sourceTree = "<group>"; };
		8AC79080FE960B1271A60697 /* Pods-QwQ-QwQUITests.release.xcconfig */ = {isa = PBXFileReference; includeInIndex = 1; lastKnownFileType = text.xcconfig; name = "Pods-QwQ-QwQUITests.release.xcconfig"; path = "Target Support Files/Pods-QwQ-QwQUITests/Pods-QwQ-QwQUITests.release.xcconfig"; sourceTree = "<group>"; };
		A8175070BA8FDF9BAB6125D5 /* Pods-QwQ.debug.xcconfig */ = {isa = PBXFileReference; includeInIndex = 1; lastKnownFileType = text.xcconfig; name = "Pods-QwQ.debug.xcconfig"; path = "Target Support Files/Pods-QwQ/Pods-QwQ.debug.xcconfig"; sourceTree = "<group>"; };
		BE50533A0E3EE9D7717A3EA9 /* Pods-QwQ-QwQUITests.debug.xcconfig */ = {isa = PBXFileReference; includeInIndex = 1; lastKnownFileType = text.xcconfig; name = "Pods-QwQ-QwQUITests.debug.xcconfig"; path = "Target Support Files/Pods-QwQ-QwQUITests/Pods-QwQ-QwQUITests.debug.xcconfig"; sourceTree = "<group>"; };
		D0318B0E46CAA8DE65D0C755 /* Pods-QwQTests.release.xcconfig */ = {isa = PBXFileReference; includeInIndex = 1; lastKnownFileType = text.xcconfig; name = "Pods-QwQTests.release.xcconfig"; path = "Target Support Files/Pods-QwQTests/Pods-QwQTests.release.xcconfig"; sourceTree = "<group>"; };
		D4494EB5241B247600BD0780 /* RestaurantLogicManager.swift */ = {isa = PBXFileReference; fileEncoding = 4; lastKnownFileType = sourcecode.swift; path = RestaurantLogicManager.swift; sourceTree = "<group>"; };
		D4494EB6241B247600BD0780 /* RestaurantLogic.swift */ = {isa = PBXFileReference; fileEncoding = 4; lastKnownFileType = sourcecode.swift; path = RestaurantLogic.swift; sourceTree = "<group>"; };
		D4494EB7241B247600BD0780 /* CustomerQueueLogic.swift */ = {isa = PBXFileReference; fileEncoding = 4; lastKnownFileType = sourcecode.swift; path = CustomerQueueLogic.swift; sourceTree = "<group>"; };
		D4494EBE241B24D800BD0780 /* QueueStorageSync.swift */ = {isa = PBXFileReference; fileEncoding = 4; lastKnownFileType = sourcecode.swift; path = QueueStorageSync.swift; sourceTree = "<group>"; };
		D4494EBF241B24D800BD0780 /* RestaurantStorage.swift */ = {isa = PBXFileReference; fileEncoding = 4; lastKnownFileType = sourcecode.swift; name = RestaurantStorage.swift; path = QwQ/Storage/RestaurantStorage.swift; sourceTree = SOURCE_ROOT; };
		D4494EC0241B24D900BD0780 /* CustomerQueueStorage.swift */ = {isa = PBXFileReference; fileEncoding = 4; lastKnownFileType = sourcecode.swift; name = CustomerQueueStorage.swift; path = QwQ/Storage/CustomerQueueStorage.swift; sourceTree = SOURCE_ROOT; };
		D4494EC1241B24D900BD0780 /* RestaurantStorageSync.swift */ = {isa = PBXFileReference; fileEncoding = 4; lastKnownFileType = sourcecode.swift; name = RestaurantStorageSync.swift; path = QwQ/Storage/RestaurantStorageSync.swift; sourceTree = SOURCE_ROOT; };
		D4EA85BD241B25B6009EB85B /* CustomerQueueHistory.swift */ = {isa = PBXFileReference; fileEncoding = 4; lastKnownFileType = sourcecode.swift; path = CustomerQueueHistory.swift; sourceTree = "<group>"; };
		D4EA85BF241B25E4009EB85B /* CustomerPostLoginSetupManager.swift */ = {isa = PBXFileReference; fileEncoding = 4; lastKnownFileType = sourcecode.swift; name = CustomerPostLoginSetupManager.swift; path = QwQ/Logic/CustomerPostLoginSetupManager.swift; sourceTree = SOURCE_ROOT; };
		D4EA85CB241B29CB009EB85B /* QueueRecord.swift */ = {isa = PBXFileReference; fileEncoding = 4; lastKnownFileType = sourcecode.swift; name = QueueRecord.swift; path = QwQ/Models/SharedModels/QueueRecord.swift; sourceTree = SOURCE_ROOT; };
		D4EA85CC241B29CB009EB85B /* Customer.swift */ = {isa = PBXFileReference; fileEncoding = 4; lastKnownFileType = sourcecode.swift; name = Customer.swift; path = QwQ/Models/SharedModels/Customer.swift; sourceTree = SOURCE_ROOT; };
		D4EA85CD241B29CC009EB85B /* User.swift */ = {isa = PBXFileReference; fileEncoding = 4; lastKnownFileType = sourcecode.swift; name = User.swift; path = QwQ/Models/SharedModels/User.swift; sourceTree = SOURCE_ROOT; };
		D4EA85CE241B29CC009EB85B /* Restaurant.swift */ = {isa = PBXFileReference; fileEncoding = 4; lastKnownFileType = sourcecode.swift; name = Restaurant.swift; path = QwQ/Models/SharedModels/Restaurant.swift; sourceTree = SOURCE_ROOT; };
		DCD784D72EAB4030587C1643 /* Pods-QwQTests.debug.xcconfig */ = {isa = PBXFileReference; includeInIndex = 1; lastKnownFileType = text.xcconfig; name = "Pods-QwQTests.debug.xcconfig"; path = "Target Support Files/Pods-QwQTests/Pods-QwQTests.debug.xcconfig"; sourceTree = "<group>"; };
		DE36DE6BF1C8965D2A80FF0E /* Pods_QwQ_QwQUITests.framework */ = {isa = PBXFileReference; explicitFileType = wrapper.framework; includeInIndex = 0; path = Pods_QwQ_QwQUITests.framework; sourceTree = BUILT_PRODUCTS_DIR; };
		F89D85035941D09EF47EABE8 /* Pods_QwQ.framework */ = {isa = PBXFileReference; explicitFileType = wrapper.framework; includeInIndex = 0; path = Pods_QwQ.framework; sourceTree = BUILT_PRODUCTS_DIR; };
/* End PBXFileReference section */

/* Begin PBXFrameworksBuildPhase section */
		7EC7E6472418B6C300C2F9BB /* Frameworks */ = {
			isa = PBXFrameworksBuildPhase;
			buildActionMask = 2147483647;
			files = (
				CBA2C0EC865C438FC1BC1567 /* Pods_QwQ.framework in Frameworks */,
			);
			runOnlyForDeploymentPostprocessing = 0;
		};
		7EC7E65D2418B6CA00C2F9BB /* Frameworks */ = {
			isa = PBXFrameworksBuildPhase;
			buildActionMask = 2147483647;
			files = (
				F198E6D9EC43ED3BD49B09E7 /* Pods_QwQTests.framework in Frameworks */,
			);
			runOnlyForDeploymentPostprocessing = 0;
		};
		7EC7E6682418B6CA00C2F9BB /* Frameworks */ = {
			isa = PBXFrameworksBuildPhase;
			buildActionMask = 2147483647;
			files = (
				0F32647646CF59559A602F91 /* Pods_QwQ_QwQUITests.framework in Frameworks */,
			);
			runOnlyForDeploymentPostprocessing = 0;
		};
/* End PBXFrameworksBuildPhase section */

/* Begin PBXGroup section */
		5C11FCFF2418E2D1002B88E3 /* Fonts */ = {
			isa = PBXGroup;
			children = (
				5C11FD002418E2F6002B88E3 /* Comfortaa-Bold.ttf */,
				5C11FD022418E2F6002B88E3 /* Comfortaa-Light.ttf */,
				5C11FD012418E2F6002B88E3 /* Comfortaa-Regular.ttf */,
			);
			path = Fonts;
			sourceTree = "<group>";
		};
		5C11FD0A2418E611002B88E3 /* Authentication */ = {
			isa = PBXGroup;
			children = (
				5C11FD0B2418E63D002B88E3 /* Authenticator.swift */,
				5C11FD0D2418E652002B88E3 /* FBAuthenticator.swift */,
			);
			path = Authentication;
			sourceTree = "<group>";
		};
		5C1A419B24236ED900D1140B /* Errors */ = {
			isa = PBXGroup;
			children = (
			);
			path = Errors;
			sourceTree = "<group>";
		};
		5CA15946241C92A900835102 /* Utilities */ = {
			isa = PBXGroup;
			children = (
				617B62EA241F85EC0010AB30 /* ValidationUtilities.swift */,
			);
			name = Utilities;
			path = ../..;
			sourceTree = "<group>";
		};
		613267F9241F220C00B770B6 /* Delegates */ = {
			isa = PBXGroup;
			children = (
				617B62DC241F392F0010AB30 /* SearchDelegate.swift */,
				613267FA241F220C00B770B6 /* RestaurantDelegate.swift */,
				617B62DE241F39EF0010AB30 /* QueueDelegate.swift */,
				6148055324228F67003D6D44 /* BookingDelegate.swift */,
				61673BF52422168400134891 /* ActivitiesDelegate.swift */,
			);
			path = Delegates;
			sourceTree = "<group>";
		};
		61B2EAA22418BAA400B88018 /* Models */ = {
			isa = PBXGroup;
			children = (
				D4EA85BD241B25B6009EB85B /* CustomerQueueHistory.swift */,
				D4494EAB241B241800BD0780 /* SharedModels */,
			);
			path = Models;
			sourceTree = "<group>";
		};
		7E56AF912421F0AC002E9BAC /* Recovered References */ = {
			isa = PBXGroup;
			children = (
			);
			name = "Recovered References";
			sourceTree = "<group>";
		};
		7E72B199241C9CC700C1EE72 /* Views */ = {
			isa = PBXGroup;
			children = (
				7EE6D018241DC0EA00C1465E /* RestaurantCell.swift */,
				7E7F7DCC2422447700A080E5 /* SegmentedControl.swift */,
				7EC1F3142421FB7F005D20CD /* ActivityCell.swift */,
				7EDC5E58242206AB0053CA1D /* ProfileImageView.swift */,
				7E7F7DCA2422244100A080E5 /* SearchCollectionReusableView.swift */,
			);
			path = Views;
			sourceTree = "<group>";
		};
		7EC7E6412418B6C300C2F9BB = {
			isa = PBXGroup;
			children = (
				7EC7E64C2418B6C300C2F9BB /* QwQ */,
				7EC7E6632418B6CA00C2F9BB /* QwQTests */,
				7EC7E66E2418B6CA00C2F9BB /* QwQUITests */,
				7EC7E64B2418B6C300C2F9BB /* Products */,
				EA0FC2A023335949098FAD44 /* Pods */,
				7E56AF912421F0AC002E9BAC /* Recovered References */,
				9A98968DB0B36211CF642405 /* Frameworks */,
			);
			sourceTree = "<group>";
		};
		7EC7E64B2418B6C300C2F9BB /* Products */ = {
			isa = PBXGroup;
			children = (
				7EC7E64A2418B6C300C2F9BB /* QwQ.app */,
				7EC7E6602418B6CA00C2F9BB /* QwQTests.xctest */,
				7EC7E66B2418B6CA00C2F9BB /* QwQUITests.xctest */,
			);
			name = Products;
			sourceTree = "<group>";
		};
		7EC7E64C2418B6C300C2F9BB /* QwQ */ = {
			isa = PBXGroup;
			children = (
				5C161100241A2D1E00602245 /* QwQ.entitlements */,
				7EC7E64D2418B6C300C2F9BB /* AppDelegate.swift */,
				7EC7E64F2418B6C300C2F9BB /* SceneDelegate.swift */,
				5C11FD0A2418E611002B88E3 /* Authentication */,
				D4A771662418C899009610C7 /* Storage */,
				D4494EB4241B247600BD0780 /* Logic */,
				61B2EAA22418BAA400B88018 /* Models */,
				7EC7E67D2418B7FB00C2F9BB /* ViewControllers */,
				7E72B199241C9CC700C1EE72 /* Views */,
				7EC7E6822418B85800C2F9BB /* Others */,
				7EC7E68A241B2FAB00C2F9BB /* Storyboards */,
				7EC7E6562418B6C900C2F9BB /* Assets.xcassets */,
				7E72B14D241B8C7D00C1EE72 /* Main.storyboard */,
				7EC7E6582418B6C900C2F9BB /* LaunchScreen.storyboard */,
				7EC7E65B2418B6C900C2F9BB /* Info.plist */,
				5C11FD062418E375002B88E3 /* GoogleService-Info.plist */,
			);
			path = QwQ;
			sourceTree = "<group>";
		};
		7EC7E6632418B6CA00C2F9BB /* QwQTests */ = {
			isa = PBXGroup;
			children = (
				7EC7E6662418B6CA00C2F9BB /* Info.plist */,
			);
			path = QwQTests;
			sourceTree = "<group>";
		};
		7EC7E66E2418B6CA00C2F9BB /* QwQUITests */ = {
			isa = PBXGroup;
			children = (
				7EC7E66F2418B6CA00C2F9BB /* QwQUITests.swift */,
				7EC7E6712418B6CA00C2F9BB /* Info.plist */,
			);
			path = QwQUITests;
			sourceTree = "<group>";
		};
		7EC7E67D2418B7FB00C2F9BB /* ViewControllers */ = {
			isa = PBXGroup;
			children = (
				7EC7E691241B379900C2F9BB /* SignUpViewController.swift */,
				7E72B14B241B8B8700C1EE72 /* LoginViewController.swift */,
				7EC7E695241B385E00C2F9BB /* SearchViewController.swift */,
				7EC7E697241B387000C2F9BB /* RestaurantViewController.swift */,
				7EE6D01E241E1CBB00C1465E /* EditQueueViewController.swift */,
				7E1137FD24233B1F006984BB /* PopoverContentController.swift */,
				7EE6D020241E202A00C1465E /* EditBookingViewController.swift */,
				7EC1F3122421F837005D20CD /* ActivitiesViewController.swift */,
				7EFB6975242213470073E535 /* QueueRecordViewController.swift */,
				7EFB6977242215B60073E535 /* BookRecordViewController.swift */,
				7EC7E693241B383400C2F9BB /* ProfileViewController.swift */,
				5CE17B4D241CEDDF00A04B8B /* EditProfileViewController.swift */,
			);
			path = ViewControllers;
			sourceTree = "<group>";
		};
		7EC7E6822418B85800C2F9BB /* Others */ = {
			isa = PBXGroup;
			children = (
				5CA15946241C92A900835102 /* Utilities */,
				5C11FCFF2418E2D1002B88E3 /* Fonts */,
				5C25BEAC2422627300B03089 /* UIImageView+checkCacheThenSetImage.swift */,
				7EE6D012241D290F00C1465E /* UIViewController+dismissKeyboard.swift */,
				5C9D9B5B24221D2F0019B7EE /* UIViewController+ShowMessage.swift */,
				6148056624232B87003D6D44 /* UIViewController+Spinner.swift */,
				7EE6D014241D2BEC00C1465E /* Constants.swift */,
				7EE6D016241DB57F00C1465E /* AlertService.swift */,
				D41F91A124227FFE00724D6C /* Date+Extensions.swift */,
			);
			path = Others;
			sourceTree = "<group>";
		};
		7EC7E68A241B2FAB00C2F9BB /* Storyboards */ = {
			isa = PBXGroup;
			children = (
				7E7F7DD02422659F00A080E5 /* Search.storyboard */,
				7EDC5E5A24220E880053CA1D /* EditQueue.storyboard */,
				7EFB696D242210110073E535 /* EditBook.storyboard */,
				7EFB6971242213000073E535 /* Queue.storyboard */,
				7EFB69732422130C0073E535 /* Book.storyboard */,
				7EC7E68B241B2FC800C2F9BB /* Profile.storyboard */,
				7E56AF9A2421F513002E9BAC /* Activities.storyboard */,
			);
			path = Storyboards;
			sourceTree = "<group>";
		};
		9A98968DB0B36211CF642405 /* Frameworks */ = {
			isa = PBXGroup;
			children = (
				F89D85035941D09EF47EABE8 /* Pods_QwQ.framework */,
				DE36DE6BF1C8965D2A80FF0E /* Pods_QwQ_QwQUITests.framework */,
				4FABBE37E6FFC689C0265945 /* Pods_QwQTests.framework */,
			);
			name = Frameworks;
			sourceTree = "<group>";
		};
		D4494EAB241B241800BD0780 /* SharedModels */ = {
			isa = PBXGroup;
			children = (
				D4EA85CD241B29CC009EB85B /* User.swift */,
				D4EA85CC241B29CB009EB85B /* Customer.swift */,
				D4EA85CE241B29CC009EB85B /* Restaurant.swift */,
				61480555242290B1003D6D44 /* Record.swift */,
				D4EA85CB241B29CB009EB85B /* QueueRecord.swift */,
				617B62E0241F3C0F0010AB30 /* BookRecord.swift */,
			);
			name = SharedModels;
			path = QwQ/SharedModels;
			sourceTree = SOURCE_ROOT;
		};
		D4494EB4241B247600BD0780 /* Logic */ = {
			isa = PBXGroup;
			children = (
				D4EA85BF241B25E4009EB85B /* CustomerPostLoginSetupManager.swift */,
				613267F9241F220C00B770B6 /* Delegates */,
				D4494EB6241B247600BD0780 /* RestaurantLogic.swift */,
				D4494EB5241B247600BD0780 /* RestaurantLogicManager.swift */,
				D4494EB7241B247600BD0780 /* CustomerQueueLogic.swift */,
				613267F8241F220C00B770B6 /* CustomerQueueLogicManager.swift */,
				6148054B24228798003D6D44 /* CustomerBookingLogic.swift */,
				6148054D242287AB003D6D44 /* CustomerBookingLogicManager.swift */,
			);
			name = Logic;
			path = QwQ/Logic;
			sourceTree = SOURCE_ROOT;
		};
		D4A771662418C899009610C7 /* Storage */ = {
			isa = PBXGroup;
			children = (
				D4494EC0241B24D900BD0780 /* CustomerQueueStorage.swift */,
				5C6DA5CF241A1799001CABC3 /* FBQueueStorage.swift */,
				D4494EBE241B24D800BD0780 /* QueueStorageSync.swift */,
				6148054F242287F1003D6D44 /* CustomerBookingStorage.swift */,
				6148055124228801003D6D44 /* BookingStorageSync.swift */,
				D4494EBF241B24D800BD0780 /* RestaurantStorage.swift */,
				D4494EC1241B24D900BD0780 /* RestaurantStorageSync.swift */,
				6148054924227CE2003D6D44 /* FBRestaurantStorage.swift */,
				5C11FD082418E503002B88E3 /* ProfileStorage.swift */,
				5CA15947241C9F9400835102 /* FBProfileStorage.swift */,
				5C1A419624236D1C00D1140B /* RestaurantInfoStorage.swift */,
				5C1A419824236D2800D1140B /* FBRestaurantInfoStorage.swift */,
				5C1A419B24236ED900D1140B /* Errors */,
			);
			path = Storage;
			sourceTree = "<group>";
		};
		EA0FC2A023335949098FAD44 /* Pods */ = {
			isa = PBXGroup;
			children = (
				A8175070BA8FDF9BAB6125D5 /* Pods-QwQ.debug.xcconfig */,
				77A36B7A1787A33D24691785 /* Pods-QwQ.release.xcconfig */,
				BE50533A0E3EE9D7717A3EA9 /* Pods-QwQ-QwQUITests.debug.xcconfig */,
				8AC79080FE960B1271A60697 /* Pods-QwQ-QwQUITests.release.xcconfig */,
				DCD784D72EAB4030587C1643 /* Pods-QwQTests.debug.xcconfig */,
				D0318B0E46CAA8DE65D0C755 /* Pods-QwQTests.release.xcconfig */,
			);
			path = Pods;
			sourceTree = "<group>";
		};
/* End PBXGroup section */

/* Begin PBXNativeTarget section */
		7EC7E6492418B6C300C2F9BB /* QwQ */ = {
			isa = PBXNativeTarget;
			buildConfigurationList = 7EC7E6742418B6CA00C2F9BB /* Build configuration list for PBXNativeTarget "QwQ" */;
			buildPhases = (
				EB01F2A3EC02EE978751F7EC /* [CP] Check Pods Manifest.lock */,
				7EC7E6462418B6C300C2F9BB /* Sources */,
				7EC7E6472418B6C300C2F9BB /* Frameworks */,
				7EC7E6482418B6C300C2F9BB /* Resources */,
				5C39D2032418DA5B001E03C0 /* ShellScript */,
				C359D90B31E84D9F4185A5A4 /* [CP] Embed Pods Frameworks */,
			);
			buildRules = (
			);
			dependencies = (
			);
			name = QwQ;
			productName = QwQ;
			productReference = 7EC7E64A2418B6C300C2F9BB /* QwQ.app */;
			productType = "com.apple.product-type.application";
		};
		7EC7E65F2418B6CA00C2F9BB /* QwQTests */ = {
			isa = PBXNativeTarget;
			buildConfigurationList = 7EC7E6772418B6CA00C2F9BB /* Build configuration list for PBXNativeTarget "QwQTests" */;
			buildPhases = (
				3965EF2FE1E015C320C59D68 /* [CP] Check Pods Manifest.lock */,
				7EC7E65C2418B6CA00C2F9BB /* Sources */,
				7EC7E65D2418B6CA00C2F9BB /* Frameworks */,
				7EC7E65E2418B6CA00C2F9BB /* Resources */,
			);
			buildRules = (
			);
			dependencies = (
				7EC7E6622418B6CA00C2F9BB /* PBXTargetDependency */,
			);
			name = QwQTests;
			productName = QwQTests;
			productReference = 7EC7E6602418B6CA00C2F9BB /* QwQTests.xctest */;
			productType = "com.apple.product-type.bundle.unit-test";
		};
		7EC7E66A2418B6CA00C2F9BB /* QwQUITests */ = {
			isa = PBXNativeTarget;
			buildConfigurationList = 7EC7E67A2418B6CA00C2F9BB /* Build configuration list for PBXNativeTarget "QwQUITests" */;
			buildPhases = (
				EB8DC5247694A57310471148 /* [CP] Check Pods Manifest.lock */,
				7EC7E6672418B6CA00C2F9BB /* Sources */,
				7EC7E6682418B6CA00C2F9BB /* Frameworks */,
				7EC7E6692418B6CA00C2F9BB /* Resources */,
				AF14844853862CB555695B81 /* [CP] Embed Pods Frameworks */,
			);
			buildRules = (
			);
			dependencies = (
				7EC7E66D2418B6CA00C2F9BB /* PBXTargetDependency */,
			);
			name = QwQUITests;
			productName = QwQUITests;
			productReference = 7EC7E66B2418B6CA00C2F9BB /* QwQUITests.xctest */;
			productType = "com.apple.product-type.bundle.ui-testing";
		};
/* End PBXNativeTarget section */

/* Begin PBXProject section */
		7EC7E6422418B6C300C2F9BB /* Project object */ = {
			isa = PBXProject;
			attributes = {
				LastSwiftUpdateCheck = 1130;
				LastUpgradeCheck = 1130;
				ORGANIZATIONNAME = "";
				TargetAttributes = {
					7EC7E6492418B6C300C2F9BB = {
						CreatedOnToolsVersion = 11.3.1;
					};
					7EC7E65F2418B6CA00C2F9BB = {
						CreatedOnToolsVersion = 11.3.1;
						TestTargetID = 7EC7E6492418B6C300C2F9BB;
					};
					7EC7E66A2418B6CA00C2F9BB = {
						CreatedOnToolsVersion = 11.3.1;
						TestTargetID = 7EC7E6492418B6C300C2F9BB;
					};
				};
			};
			buildConfigurationList = 7EC7E6452418B6C300C2F9BB /* Build configuration list for PBXProject "QwQ" */;
			compatibilityVersion = "Xcode 9.3";
			developmentRegion = en;
			hasScannedForEncodings = 0;
			knownRegions = (
				en,
				Base,
			);
			mainGroup = 7EC7E6412418B6C300C2F9BB;
			productRefGroup = 7EC7E64B2418B6C300C2F9BB /* Products */;
			projectDirPath = "";
			projectRoot = "";
			targets = (
				7EC7E6492418B6C300C2F9BB /* QwQ */,
				7EC7E65F2418B6CA00C2F9BB /* QwQTests */,
				7EC7E66A2418B6CA00C2F9BB /* QwQUITests */,
			);
		};
/* End PBXProject section */

/* Begin PBXResourcesBuildPhase section */
		7EC7E6482418B6C300C2F9BB /* Resources */ = {
			isa = PBXResourcesBuildPhase;
			buildActionMask = 2147483647;
			files = (
				7EDC5E5B24220E880053CA1D /* EditQueue.storyboard in Resources */,
				7EFB696E242210110073E535 /* EditBook.storyboard in Resources */,
				5C11FD032418E300002B88E3 /* Comfortaa-Bold.ttf in Resources */,
				7EFB69742422130C0073E535 /* Book.storyboard in Resources */,
				7E7F7DD12422659F00A080E5 /* Search.storyboard in Resources */,
				7EC7E65A2418B6C900C2F9BB /* LaunchScreen.storyboard in Resources */,
				7EC7E68C241B2FC800C2F9BB /* Profile.storyboard in Resources */,
				7EC7E6572418B6C900C2F9BB /* Assets.xcassets in Resources */,
				7E56AF9B2421F513002E9BAC /* Activities.storyboard in Resources */,
				5C11FD052418E304002B88E3 /* Comfortaa-Regular.ttf in Resources */,
				7E72B14E241B8C7D00C1EE72 /* Main.storyboard in Resources */,
				5C11FD042418E302002B88E3 /* Comfortaa-Light.ttf in Resources */,
				7EFB6972242213000073E535 /* Queue.storyboard in Resources */,
				5C11FD072418E375002B88E3 /* GoogleService-Info.plist in Resources */,
			);
			runOnlyForDeploymentPostprocessing = 0;
		};
		7EC7E65E2418B6CA00C2F9BB /* Resources */ = {
			isa = PBXResourcesBuildPhase;
			buildActionMask = 2147483647;
			files = (
			);
			runOnlyForDeploymentPostprocessing = 0;
		};
		7EC7E6692418B6CA00C2F9BB /* Resources */ = {
			isa = PBXResourcesBuildPhase;
			buildActionMask = 2147483647;
			files = (
			);
			runOnlyForDeploymentPostprocessing = 0;
		};
/* End PBXResourcesBuildPhase section */

/* Begin PBXShellScriptBuildPhase section */
		3965EF2FE1E015C320C59D68 /* [CP] Check Pods Manifest.lock */ = {
			isa = PBXShellScriptBuildPhase;
			buildActionMask = 2147483647;
			files = (
			);
			inputFileListPaths = (
			);
			inputPaths = (
				"${PODS_PODFILE_DIR_PATH}/Podfile.lock",
				"${PODS_ROOT}/Manifest.lock",
			);
			name = "[CP] Check Pods Manifest.lock";
			outputFileListPaths = (
			);
			outputPaths = (
				"$(DERIVED_FILE_DIR)/Pods-QwQTests-checkManifestLockResult.txt",
			);
			runOnlyForDeploymentPostprocessing = 0;
			shellPath = /bin/sh;
			shellScript = "diff \"${PODS_PODFILE_DIR_PATH}/Podfile.lock\" \"${PODS_ROOT}/Manifest.lock\" > /dev/null\nif [ $? != 0 ] ; then\n    # print error to STDERR\n    echo \"error: The sandbox is not in sync with the Podfile.lock. Run 'pod install' or update your CocoaPods installation.\" >&2\n    exit 1\nfi\n# This output is used by Xcode 'outputs' to avoid re-running this script phase.\necho \"SUCCESS\" > \"${SCRIPT_OUTPUT_FILE_0}\"\n";
			showEnvVarsInLog = 0;
		};
		5C39D2032418DA5B001E03C0 /* ShellScript */ = {
			isa = PBXShellScriptBuildPhase;
			buildActionMask = 2147483647;
			files = (
			);
			inputFileListPaths = (
			);
			inputPaths = (
			);
			outputFileListPaths = (
			);
			outputPaths = (
			);
			runOnlyForDeploymentPostprocessing = 0;
			shellPath = /bin/sh;
			shellScript = "# Type a script or drag a script file from your workspace to insert its path.\nif which swiftlint >/dev/null; then\n  swiftlint\nelse\n  echo \"warning: SwiftLint not installed, download from https://github.com/realm/SwiftLint\"\nfi\n";
		};
		AF14844853862CB555695B81 /* [CP] Embed Pods Frameworks */ = {
			isa = PBXShellScriptBuildPhase;
			buildActionMask = 2147483647;
			files = (
			);
			inputFileListPaths = (
				"${PODS_ROOT}/Target Support Files/Pods-QwQ-QwQUITests/Pods-QwQ-QwQUITests-frameworks-${CONFIGURATION}-input-files.xcfilelist",
			);
			name = "[CP] Embed Pods Frameworks";
			outputFileListPaths = (
				"${PODS_ROOT}/Target Support Files/Pods-QwQ-QwQUITests/Pods-QwQ-QwQUITests-frameworks-${CONFIGURATION}-output-files.xcfilelist",
			);
			runOnlyForDeploymentPostprocessing = 0;
			shellPath = /bin/sh;
			shellScript = "\"${PODS_ROOT}/Target Support Files/Pods-QwQ-QwQUITests/Pods-QwQ-QwQUITests-frameworks.sh\"\n";
			showEnvVarsInLog = 0;
		};
		C359D90B31E84D9F4185A5A4 /* [CP] Embed Pods Frameworks */ = {
			isa = PBXShellScriptBuildPhase;
			buildActionMask = 2147483647;
			files = (
			);
			inputFileListPaths = (
				"${PODS_ROOT}/Target Support Files/Pods-QwQ/Pods-QwQ-frameworks-${CONFIGURATION}-input-files.xcfilelist",
			);
			name = "[CP] Embed Pods Frameworks";
			outputFileListPaths = (
				"${PODS_ROOT}/Target Support Files/Pods-QwQ/Pods-QwQ-frameworks-${CONFIGURATION}-output-files.xcfilelist",
			);
			runOnlyForDeploymentPostprocessing = 0;
			shellPath = /bin/sh;
			shellScript = "\"${PODS_ROOT}/Target Support Files/Pods-QwQ/Pods-QwQ-frameworks.sh\"\n";
			showEnvVarsInLog = 0;
		};
		EB01F2A3EC02EE978751F7EC /* [CP] Check Pods Manifest.lock */ = {
			isa = PBXShellScriptBuildPhase;
			buildActionMask = 2147483647;
			files = (
			);
			inputFileListPaths = (
			);
			inputPaths = (
				"${PODS_PODFILE_DIR_PATH}/Podfile.lock",
				"${PODS_ROOT}/Manifest.lock",
			);
			name = "[CP] Check Pods Manifest.lock";
			outputFileListPaths = (
			);
			outputPaths = (
				"$(DERIVED_FILE_DIR)/Pods-QwQ-checkManifestLockResult.txt",
			);
			runOnlyForDeploymentPostprocessing = 0;
			shellPath = /bin/sh;
			shellScript = "diff \"${PODS_PODFILE_DIR_PATH}/Podfile.lock\" \"${PODS_ROOT}/Manifest.lock\" > /dev/null\nif [ $? != 0 ] ; then\n    # print error to STDERR\n    echo \"error: The sandbox is not in sync with the Podfile.lock. Run 'pod install' or update your CocoaPods installation.\" >&2\n    exit 1\nfi\n# This output is used by Xcode 'outputs' to avoid re-running this script phase.\necho \"SUCCESS\" > \"${SCRIPT_OUTPUT_FILE_0}\"\n";
			showEnvVarsInLog = 0;
		};
		EB8DC5247694A57310471148 /* [CP] Check Pods Manifest.lock */ = {
			isa = PBXShellScriptBuildPhase;
			buildActionMask = 2147483647;
			files = (
			);
			inputFileListPaths = (
			);
			inputPaths = (
				"${PODS_PODFILE_DIR_PATH}/Podfile.lock",
				"${PODS_ROOT}/Manifest.lock",
			);
			name = "[CP] Check Pods Manifest.lock";
			outputFileListPaths = (
			);
			outputPaths = (
				"$(DERIVED_FILE_DIR)/Pods-QwQ-QwQUITests-checkManifestLockResult.txt",
			);
			runOnlyForDeploymentPostprocessing = 0;
			shellPath = /bin/sh;
			shellScript = "diff \"${PODS_PODFILE_DIR_PATH}/Podfile.lock\" \"${PODS_ROOT}/Manifest.lock\" > /dev/null\nif [ $? != 0 ] ; then\n    # print error to STDERR\n    echo \"error: The sandbox is not in sync with the Podfile.lock. Run 'pod install' or update your CocoaPods installation.\" >&2\n    exit 1\nfi\n# This output is used by Xcode 'outputs' to avoid re-running this script phase.\necho \"SUCCESS\" > \"${SCRIPT_OUTPUT_FILE_0}\"\n";
			showEnvVarsInLog = 0;
		};
/* End PBXShellScriptBuildPhase section */

/* Begin PBXSourcesBuildPhase section */
		7EC7E6462418B6C300C2F9BB /* Sources */ = {
			isa = PBXSourcesBuildPhase;
			buildActionMask = 2147483647;
			files = (
				5C1A419724236D1C00D1140B /* RestaurantInfoStorage.swift in Sources */,
				5C59E91D2422134A004DFEB7 /* ProfileStorage.swift in Sources */,
				D4494EBB241B247600BD0780 /* CustomerQueueLogic.swift in Sources */,
				7E7F7DCD2422447700A080E5 /* SegmentedControl.swift in Sources */,
				6148054E242287AB003D6D44 /* CustomerBookingLogicManager.swift in Sources */,
				D4EA85D1241B29CC009EB85B /* User.swift in Sources */,
				617B62DD241F392F0010AB30 /* SearchDelegate.swift in Sources */,
				D4494EBA241B247600BD0780 /* RestaurantLogic.swift in Sources */,
				7EFB6976242213470073E535 /* QueueRecordViewController.swift in Sources */,
				617B62E1241F3C0F0010AB30 /* BookRecord.swift in Sources */,
				6148054A24227CE2003D6D44 /* FBRestaurantStorage.swift in Sources */,
				6148056724232B88003D6D44 /* UIViewController+Spinner.swift in Sources */,
				61480556242290B1003D6D44 /* Record.swift in Sources */,
				D4EA85CF241B29CC009EB85B /* QueueRecord.swift in Sources */,
				6148055424228F67003D6D44 /* BookingDelegate.swift in Sources */,
				7E7F7DCB2422244100A080E5 /* SearchCollectionReusableView.swift in Sources */,
				617B62DF241F39EF0010AB30 /* QueueDelegate.swift in Sources */,
				D4494EC5241B24D900BD0780 /* RestaurantStorageSync.swift in Sources */,
				D4494EC4241B24D900BD0780 /* CustomerQueueStorage.swift in Sources */,
				D4EA85D2241B29CC009EB85B /* Restaurant.swift in Sources */,
				7EE6D017241DB57F00C1465E /* AlertService.swift in Sources */,
				7EDC5E59242206AB0053CA1D /* ProfileImageView.swift in Sources */,
				7EC7E694241B383400C2F9BB /* ProfileViewController.swift in Sources */,
				5C11FD0E2418E652002B88E3 /* FBAuthenticator.swift in Sources */,
				D4494EC2241B24D900BD0780 /* QueueStorageSync.swift in Sources */,
				7EE6D015241D2BEC00C1465E /* Constants.swift in Sources */,
				7EC1F3132421F837005D20CD /* ActivitiesViewController.swift in Sources */,
				613267FC241F220D00B770B6 /* RestaurantDelegate.swift in Sources */,
				5CA15948241C9F9400835102 /* FBProfileStorage.swift in Sources */,
				61480550242287F1003D6D44 /* CustomerBookingStorage.swift in Sources */,
				5C6DA5D0241A1799001CABC3 /* FBQueueStorage.swift in Sources */,
				5C1A419924236D2800D1140B /* FBRestaurantInfoStorage.swift in Sources */,
				7EC7E64E2418B6C300C2F9BB /* AppDelegate.swift in Sources */,
				5C9D9B5C24221D2F0019B7EE /* UIViewController+ShowMessage.swift in Sources */,
				D41F91A224227FFE00724D6C /* Date+Extensions.swift in Sources */,
				6148055224228801003D6D44 /* BookingStorageSync.swift in Sources */,
				7EE6D013241D290F00C1465E /* UIViewController+dismissKeyboard.swift in Sources */,
				6148054C24228798003D6D44 /* CustomerBookingLogic.swift in Sources */,
				7E72B14C241B8B8700C1EE72 /* LoginViewController.swift in Sources */,
				D4EA85D0241B29CC009EB85B /* Customer.swift in Sources */,
				D4EA85BE241B25B6009EB85B /* CustomerQueueHistory.swift in Sources */,
				D4494EC3241B24D900BD0780 /* RestaurantStorage.swift in Sources */,
				7EC7E698241B387000C2F9BB /* RestaurantViewController.swift in Sources */,
				7EC7E692241B379900C2F9BB /* SignUpViewController.swift in Sources */,
				7EC7E696241B385E00C2F9BB /* SearchViewController.swift in Sources */,
				7E1137FE24233B1F006984BB /* PopoverContentController.swift in Sources */,
				5C11FD0C2418E63D002B88E3 /* Authenticator.swift in Sources */,
				D4494EB9241B247600BD0780 /* RestaurantLogicManager.swift in Sources */,
				617B62EB241F85ED0010AB30 /* ValidationUtilities.swift in Sources */,
				61673BF62422168400134891 /* ActivitiesDelegate.swift in Sources */,
				D4EA85C0241B25E4009EB85B /* CustomerPostLoginSetupManager.swift in Sources */,
				613267FB241F220D00B770B6 /* CustomerQueueLogicManager.swift in Sources */,
				7EC7E6502418B6C300C2F9BB /* SceneDelegate.swift in Sources */,
				7EE6D019241DC0EA00C1465E /* RestaurantCell.swift in Sources */,
				5C25BEAD2422627300B03089 /* UIImageView+checkCacheThenSetImage.swift in Sources */,
				7EC1F3152421FB7F005D20CD /* ActivityCell.swift in Sources */,
				7EE6D01F241E1CBB00C1465E /* EditQueueViewController.swift in Sources */,
				7EFB6978242215B60073E535 /* BookRecordViewController.swift in Sources */,
				5CE17B4E241CEDDF00A04B8B /* EditProfileViewController.swift in Sources */,
				7EE6D021241E202A00C1465E /* EditBookingViewController.swift in Sources */,
			);
			runOnlyForDeploymentPostprocessing = 0;
		};
		7EC7E65C2418B6CA00C2F9BB /* Sources */ = {
			isa = PBXSourcesBuildPhase;
			buildActionMask = 2147483647;
			files = (
			);
			runOnlyForDeploymentPostprocessing = 0;
		};
		7EC7E6672418B6CA00C2F9BB /* Sources */ = {
			isa = PBXSourcesBuildPhase;
			buildActionMask = 2147483647;
			files = (
				7EC7E6702418B6CA00C2F9BB /* QwQUITests.swift in Sources */,
			);
			runOnlyForDeploymentPostprocessing = 0;
		};
/* End PBXSourcesBuildPhase section */

/* Begin PBXTargetDependency section */
		7EC7E6622418B6CA00C2F9BB /* PBXTargetDependency */ = {
			isa = PBXTargetDependency;
			target = 7EC7E6492418B6C300C2F9BB /* QwQ */;
			targetProxy = 7EC7E6612418B6CA00C2F9BB /* PBXContainerItemProxy */;
		};
		7EC7E66D2418B6CA00C2F9BB /* PBXTargetDependency */ = {
			isa = PBXTargetDependency;
			target = 7EC7E6492418B6C300C2F9BB /* QwQ */;
			targetProxy = 7EC7E66C2418B6CA00C2F9BB /* PBXContainerItemProxy */;
		};
/* End PBXTargetDependency section */

/* Begin PBXVariantGroup section */
		7EC7E6582418B6C900C2F9BB /* LaunchScreen.storyboard */ = {
			isa = PBXVariantGroup;
			children = (
				7EC7E6592418B6C900C2F9BB /* Base */,
			);
			name = LaunchScreen.storyboard;
			sourceTree = "<group>";
		};
/* End PBXVariantGroup section */

/* Begin XCBuildConfiguration section */
		7EC7E6722418B6CA00C2F9BB /* Debug */ = {
			isa = XCBuildConfiguration;
			buildSettings = {
				ALWAYS_SEARCH_USER_PATHS = NO;
				CLANG_ANALYZER_NONNULL = YES;
				CLANG_ANALYZER_NUMBER_OBJECT_CONVERSION = YES_AGGRESSIVE;
				CLANG_CXX_LANGUAGE_STANDARD = "gnu++14";
				CLANG_CXX_LIBRARY = "libc++";
				CLANG_ENABLE_MODULES = YES;
				CLANG_ENABLE_OBJC_ARC = YES;
				CLANG_ENABLE_OBJC_WEAK = YES;
				CLANG_WARN_BLOCK_CAPTURE_AUTORELEASING = YES;
				CLANG_WARN_BOOL_CONVERSION = YES;
				CLANG_WARN_COMMA = YES;
				CLANG_WARN_CONSTANT_CONVERSION = YES;
				CLANG_WARN_DEPRECATED_OBJC_IMPLEMENTATIONS = YES;
				CLANG_WARN_DIRECT_OBJC_ISA_USAGE = YES_ERROR;
				CLANG_WARN_DOCUMENTATION_COMMENTS = YES;
				CLANG_WARN_EMPTY_BODY = YES;
				CLANG_WARN_ENUM_CONVERSION = YES;
				CLANG_WARN_INFINITE_RECURSION = YES;
				CLANG_WARN_INT_CONVERSION = YES;
				CLANG_WARN_NON_LITERAL_NULL_CONVERSION = YES;
				CLANG_WARN_OBJC_IMPLICIT_RETAIN_SELF = YES;
				CLANG_WARN_OBJC_LITERAL_CONVERSION = YES;
				CLANG_WARN_OBJC_ROOT_CLASS = YES_ERROR;
				CLANG_WARN_RANGE_LOOP_ANALYSIS = YES;
				CLANG_WARN_STRICT_PROTOTYPES = YES;
				CLANG_WARN_SUSPICIOUS_MOVE = YES;
				CLANG_WARN_UNGUARDED_AVAILABILITY = YES_AGGRESSIVE;
				CLANG_WARN_UNREACHABLE_CODE = YES;
				CLANG_WARN__DUPLICATE_METHOD_MATCH = YES;
				COPY_PHASE_STRIP = NO;
				DEBUG_INFORMATION_FORMAT = dwarf;
				ENABLE_STRICT_OBJC_MSGSEND = YES;
				ENABLE_TESTABILITY = YES;
				GCC_C_LANGUAGE_STANDARD = gnu11;
				GCC_DYNAMIC_NO_PIC = NO;
				GCC_NO_COMMON_BLOCKS = YES;
				GCC_OPTIMIZATION_LEVEL = 0;
				GCC_PREPROCESSOR_DEFINITIONS = (
					"DEBUG=1",
					"$(inherited)",
				);
				GCC_WARN_64_TO_32_BIT_CONVERSION = YES;
				GCC_WARN_ABOUT_RETURN_TYPE = YES_ERROR;
				GCC_WARN_UNDECLARED_SELECTOR = YES;
				GCC_WARN_UNINITIALIZED_AUTOS = YES_AGGRESSIVE;
				GCC_WARN_UNUSED_FUNCTION = YES;
				GCC_WARN_UNUSED_VARIABLE = YES;
				IPHONEOS_DEPLOYMENT_TARGET = 13.2;
				MTL_ENABLE_DEBUG_INFO = INCLUDE_SOURCE;
				MTL_FAST_MATH = YES;
				ONLY_ACTIVE_ARCH = YES;
				SDKROOT = iphoneos;
				SWIFT_ACTIVE_COMPILATION_CONDITIONS = DEBUG;
				SWIFT_OPTIMIZATION_LEVEL = "-Onone";
			};
			name = Debug;
		};
		7EC7E6732418B6CA00C2F9BB /* Release */ = {
			isa = XCBuildConfiguration;
			buildSettings = {
				ALWAYS_SEARCH_USER_PATHS = NO;
				CLANG_ANALYZER_NONNULL = YES;
				CLANG_ANALYZER_NUMBER_OBJECT_CONVERSION = YES_AGGRESSIVE;
				CLANG_CXX_LANGUAGE_STANDARD = "gnu++14";
				CLANG_CXX_LIBRARY = "libc++";
				CLANG_ENABLE_MODULES = YES;
				CLANG_ENABLE_OBJC_ARC = YES;
				CLANG_ENABLE_OBJC_WEAK = YES;
				CLANG_WARN_BLOCK_CAPTURE_AUTORELEASING = YES;
				CLANG_WARN_BOOL_CONVERSION = YES;
				CLANG_WARN_COMMA = YES;
				CLANG_WARN_CONSTANT_CONVERSION = YES;
				CLANG_WARN_DEPRECATED_OBJC_IMPLEMENTATIONS = YES;
				CLANG_WARN_DIRECT_OBJC_ISA_USAGE = YES_ERROR;
				CLANG_WARN_DOCUMENTATION_COMMENTS = YES;
				CLANG_WARN_EMPTY_BODY = YES;
				CLANG_WARN_ENUM_CONVERSION = YES;
				CLANG_WARN_INFINITE_RECURSION = YES;
				CLANG_WARN_INT_CONVERSION = YES;
				CLANG_WARN_NON_LITERAL_NULL_CONVERSION = YES;
				CLANG_WARN_OBJC_IMPLICIT_RETAIN_SELF = YES;
				CLANG_WARN_OBJC_LITERAL_CONVERSION = YES;
				CLANG_WARN_OBJC_ROOT_CLASS = YES_ERROR;
				CLANG_WARN_RANGE_LOOP_ANALYSIS = YES;
				CLANG_WARN_STRICT_PROTOTYPES = YES;
				CLANG_WARN_SUSPICIOUS_MOVE = YES;
				CLANG_WARN_UNGUARDED_AVAILABILITY = YES_AGGRESSIVE;
				CLANG_WARN_UNREACHABLE_CODE = YES;
				CLANG_WARN__DUPLICATE_METHOD_MATCH = YES;
				COPY_PHASE_STRIP = NO;
				DEBUG_INFORMATION_FORMAT = "dwarf-with-dsym";
				ENABLE_NS_ASSERTIONS = NO;
				ENABLE_STRICT_OBJC_MSGSEND = YES;
				GCC_C_LANGUAGE_STANDARD = gnu11;
				GCC_NO_COMMON_BLOCKS = YES;
				GCC_WARN_64_TO_32_BIT_CONVERSION = YES;
				GCC_WARN_ABOUT_RETURN_TYPE = YES_ERROR;
				GCC_WARN_UNDECLARED_SELECTOR = YES;
				GCC_WARN_UNINITIALIZED_AUTOS = YES_AGGRESSIVE;
				GCC_WARN_UNUSED_FUNCTION = YES;
				GCC_WARN_UNUSED_VARIABLE = YES;
				IPHONEOS_DEPLOYMENT_TARGET = 13.2;
				MTL_ENABLE_DEBUG_INFO = NO;
				MTL_FAST_MATH = YES;
				SDKROOT = iphoneos;
				SWIFT_COMPILATION_MODE = wholemodule;
				SWIFT_OPTIMIZATION_LEVEL = "-O";
				VALIDATE_PRODUCT = YES;
			};
			name = Release;
		};
		7EC7E6752418B6CA00C2F9BB /* Debug */ = {
			isa = XCBuildConfiguration;
			baseConfigurationReference = A8175070BA8FDF9BAB6125D5 /* Pods-QwQ.debug.xcconfig */;
			buildSettings = {
				ASSETCATALOG_COMPILER_APPICON_NAME = AppIcon;
				CODE_SIGN_ENTITLEMENTS = QwQ/QwQ.entitlements;
				CODE_SIGN_IDENTITY = "Apple Development";
				CODE_SIGN_STYLE = Automatic;
				DEVELOPMENT_TEAM = W76H98A34A;
				INFOPLIST_FILE = QwQ/Info.plist;
				LD_RUNPATH_SEARCH_PATHS = (
					"$(inherited)",
					"@executable_path/Frameworks",
				);
				PRODUCT_BUNDLE_IDENTIFIER = com.cs3217.qwq.QwQ;
				PRODUCT_NAME = "$(TARGET_NAME)";
				PROVISIONING_PROFILE_SPECIFIER = "";
				SWIFT_VERSION = 5.0;
				TARGETED_DEVICE_FAMILY = "1,2";
			};
			name = Debug;
		};
		7EC7E6762418B6CA00C2F9BB /* Release */ = {
			isa = XCBuildConfiguration;
			baseConfigurationReference = 77A36B7A1787A33D24691785 /* Pods-QwQ.release.xcconfig */;
			buildSettings = {
				ASSETCATALOG_COMPILER_APPICON_NAME = AppIcon;
				CODE_SIGN_ENTITLEMENTS = QwQ/QwQ.entitlements;
				CODE_SIGN_IDENTITY = "Apple Development";
				CODE_SIGN_STYLE = Automatic;
				DEVELOPMENT_TEAM = W76H98A34A;
				INFOPLIST_FILE = QwQ/Info.plist;
				LD_RUNPATH_SEARCH_PATHS = (
					"$(inherited)",
					"@executable_path/Frameworks",
				);
				PRODUCT_BUNDLE_IDENTIFIER = com.cs3217.qwq.QwQ;
				PRODUCT_NAME = "$(TARGET_NAME)";
				PROVISIONING_PROFILE_SPECIFIER = "";
				SWIFT_VERSION = 5.0;
				TARGETED_DEVICE_FAMILY = "1,2";
			};
			name = Release;
		};
		7EC7E6782418B6CA00C2F9BB /* Debug */ = {
			isa = XCBuildConfiguration;
			baseConfigurationReference = DCD784D72EAB4030587C1643 /* Pods-QwQTests.debug.xcconfig */;
			buildSettings = {
				ALWAYS_EMBED_SWIFT_STANDARD_LIBRARIES = YES;
				BUNDLE_LOADER = "$(TEST_HOST)";
				CODE_SIGN_STYLE = Automatic;
				INFOPLIST_FILE = QwQTests/Info.plist;
				IPHONEOS_DEPLOYMENT_TARGET = 13.2;
				LD_RUNPATH_SEARCH_PATHS = (
					"$(inherited)",
					"@executable_path/Frameworks",
					"@loader_path/Frameworks",
				);
				PRODUCT_BUNDLE_IDENTIFIER = com.cs3217.qwq.QwQTests;
				PRODUCT_NAME = "$(TARGET_NAME)";
				SWIFT_VERSION = 5.0;
				TARGETED_DEVICE_FAMILY = "1,2";
				TEST_HOST = "$(BUILT_PRODUCTS_DIR)/QwQ.app/QwQ";
			};
			name = Debug;
		};
		7EC7E6792418B6CA00C2F9BB /* Release */ = {
			isa = XCBuildConfiguration;
			baseConfigurationReference = D0318B0E46CAA8DE65D0C755 /* Pods-QwQTests.release.xcconfig */;
			buildSettings = {
				ALWAYS_EMBED_SWIFT_STANDARD_LIBRARIES = YES;
				BUNDLE_LOADER = "$(TEST_HOST)";
				CODE_SIGN_STYLE = Automatic;
				INFOPLIST_FILE = QwQTests/Info.plist;
				IPHONEOS_DEPLOYMENT_TARGET = 13.2;
				LD_RUNPATH_SEARCH_PATHS = (
					"$(inherited)",
					"@executable_path/Frameworks",
					"@loader_path/Frameworks",
				);
				PRODUCT_BUNDLE_IDENTIFIER = com.cs3217.qwq.QwQTests;
				PRODUCT_NAME = "$(TARGET_NAME)";
				SWIFT_VERSION = 5.0;
				TARGETED_DEVICE_FAMILY = "1,2";
				TEST_HOST = "$(BUILT_PRODUCTS_DIR)/QwQ.app/QwQ";
			};
			name = Release;
		};
		7EC7E67B2418B6CA00C2F9BB /* Debug */ = {
			isa = XCBuildConfiguration;
			baseConfigurationReference = BE50533A0E3EE9D7717A3EA9 /* Pods-QwQ-QwQUITests.debug.xcconfig */;
			buildSettings = {
				ALWAYS_EMBED_SWIFT_STANDARD_LIBRARIES = YES;
				CODE_SIGN_STYLE = Automatic;
				INFOPLIST_FILE = QwQUITests/Info.plist;
				LD_RUNPATH_SEARCH_PATHS = (
					"$(inherited)",
					"@executable_path/Frameworks",
					"@loader_path/Frameworks",
				);
				PRODUCT_BUNDLE_IDENTIFIER = com.cs3217.qwq.QwQUITests;
				PRODUCT_NAME = "$(TARGET_NAME)";
				SWIFT_VERSION = 5.0;
				TARGETED_DEVICE_FAMILY = "1,2";
				TEST_TARGET_NAME = QwQ;
			};
			name = Debug;
		};
		7EC7E67C2418B6CA00C2F9BB /* Release */ = {
			isa = XCBuildConfiguration;
			baseConfigurationReference = 8AC79080FE960B1271A60697 /* Pods-QwQ-QwQUITests.release.xcconfig */;
			buildSettings = {
				ALWAYS_EMBED_SWIFT_STANDARD_LIBRARIES = YES;
				CODE_SIGN_STYLE = Automatic;
				INFOPLIST_FILE = QwQUITests/Info.plist;
				LD_RUNPATH_SEARCH_PATHS = (
					"$(inherited)",
					"@executable_path/Frameworks",
					"@loader_path/Frameworks",
				);
				PRODUCT_BUNDLE_IDENTIFIER = com.cs3217.qwq.QwQUITests;
				PRODUCT_NAME = "$(TARGET_NAME)";
				SWIFT_VERSION = 5.0;
				TARGETED_DEVICE_FAMILY = "1,2";
				TEST_TARGET_NAME = QwQ;
			};
			name = Release;
		};
/* End XCBuildConfiguration section */

/* Begin XCConfigurationList section */
		7EC7E6452418B6C300C2F9BB /* Build configuration list for PBXProject "QwQ" */ = {
			isa = XCConfigurationList;
			buildConfigurations = (
				7EC7E6722418B6CA00C2F9BB /* Debug */,
				7EC7E6732418B6CA00C2F9BB /* Release */,
			);
			defaultConfigurationIsVisible = 0;
			defaultConfigurationName = Release;
		};
		7EC7E6742418B6CA00C2F9BB /* Build configuration list for PBXNativeTarget "QwQ" */ = {
			isa = XCConfigurationList;
			buildConfigurations = (
				7EC7E6752418B6CA00C2F9BB /* Debug */,
				7EC7E6762418B6CA00C2F9BB /* Release */,
			);
			defaultConfigurationIsVisible = 0;
			defaultConfigurationName = Release;
		};
		7EC7E6772418B6CA00C2F9BB /* Build configuration list for PBXNativeTarget "QwQTests" */ = {
			isa = XCConfigurationList;
			buildConfigurations = (
				7EC7E6782418B6CA00C2F9BB /* Debug */,
				7EC7E6792418B6CA00C2F9BB /* Release */,
			);
			defaultConfigurationIsVisible = 0;
			defaultConfigurationName = Release;
		};
		7EC7E67A2418B6CA00C2F9BB /* Build configuration list for PBXNativeTarget "QwQUITests" */ = {
			isa = XCConfigurationList;
			buildConfigurations = (
				7EC7E67B2418B6CA00C2F9BB /* Debug */,
				7EC7E67C2418B6CA00C2F9BB /* Release */,
			);
			defaultConfigurationIsVisible = 0;
			defaultConfigurationName = Release;
		};
/* End XCConfigurationList section */
	};
	rootObject = 7EC7E6422418B6C300C2F9BB /* Project object */;
}
